schema: '2.0'
stages:
  download:
    cmd: Rscript R/build.R
    deps:
    - path: R/build.R
      hash: md5
      md5: 94da88f47199ca8400fd926b2513de24
      size: 4503
    - path: R/chrome.R
      hash: md5
      md5: b650227476f39ab25522bd42db82a155
      size: 2636
    outs:
    - path: cache/drug
      hash: md5
      md5: 96f9c68a8a40d8bc1a933616379e449d.dir
      size: 1991862540
      nfiles: 21
    - path: data
      hash: md5
      md5: be016de140b9a5d844b4f1ee6ce7c4e3.dir
      size: 48325
      nfiles: 4
    - path: list
      hash: md5
      md5: fc0685f3fab21d1bd27d5bf626f8845b.dir
      size: 2363
      nfiles: 6
  make_script:
    cmd: ./conversionJsonParquet.sh
    deps:
    - path: conversionJsonParquet.sh
      hash: md5
      md5: 99f7d6a6b6647473a16daf33df8bfb75
      size: 2428
      isexec: true
    - path: list
      hash: md5
      md5: fc0685f3fab21d1bd27d5bf626f8845b.dir
      size: 2363
      nfiles: 6
    outs:
    - path: commands.sh
      hash: md5
      md5: c192cf00f44854333a356af7bd864ec9
      size: 7156
      isexec: true
  execute:
    cmd: ./commands.sh
    deps:
    - path: cache/drug
      hash: md5
      md5: b28fcc9471277d0a63e466059818a61a.dir
      size: 11406859354
      nfiles: 41
    - path: commands.sh
      hash: md5
      md5: c192cf00f44854333a356af7bd864ec9
      size: 7156
      isexec: true
    outs:
    - path: brick
      hash: md5
      md5: 71d612447a23f7505dc84bc77e2e338f.dir
      size: 3010230636
      nfiles: 10
    - path: cache/tmp
      hash: md5
      md5: 7ad09b537e150c8aaaa4c5e601df90c6.dir
      size: 2898335483
      nfiles: 17
